// !$*UTF8*$!
{
	archiveVersion = 1;
	classes = {
	};
	objectVersion = 56;
	objects = {

/* Begin PBXBuildFile section */
		168E05E328F89F9A004267C4 /* OpenGL.framework in Frameworks */ = {isa = PBXBuildFile; fileRef = 168E05E228F89F9A004267C4 /* OpenGL.framework */; };
		168E05E528F89FA4004267C4 /* libglfw.3.3.dylib in Frameworks */ = {isa = PBXBuildFile; fileRef = 168E05E428F89FA4004267C4 /* libglfw.3.3.dylib */; };
		168E05E728F89FAF004267C4 /* libGLEW.2.2.0.dylib in Frameworks */ = {isa = PBXBuildFile; fileRef = 168E05E628F89FAF004267C4 /* libGLEW.2.2.0.dylib */; };
		168E05EA28F89FE6004267C4 /* singlewindow.cpp in Sources */ = {isa = PBXBuildFile; fileRef = 168E05E928F89FE6004267C4 /* singlewindow.cpp */; };
		168E05ED28F89FFF004267C4 /* singletriangle.cpp in Sources */ = {isa = PBXBuildFile; fileRef = 168E05EC28F89FFF004267C4 /* singletriangle.cpp */; };
		16CAE47828F8B322000BBB66 /* twotriangles.cpp in Sources */ = {isa = PBXBuildFile; fileRef = 16CAE47728F8B322000BBB66 /* twotriangles.cpp */; };
		16CAE47F28F8B3CF000BBB66 /* shader.cpp in Sources */ = {isa = PBXBuildFile; fileRef = 16CAE47D28F8B3CF000BBB66 /* shader.cpp */; };
		16D6ABD428F96C7400CD6E3F /* libGLEW.2.2.0.dylib in Frameworks */ = {isa = PBXBuildFile; fileRef = 168E05E628F89FAF004267C4 /* libGLEW.2.2.0.dylib */; };
		16D6ABD528F96C7400CD6E3F /* libglfw.3.3.dylib in Frameworks */ = {isa = PBXBuildFile; fileRef = 168E05E428F89FA4004267C4 /* libglfw.3.3.dylib */; };
		16D6ABD628F96C7400CD6E3F /* OpenGL.framework in Frameworks */ = {isa = PBXBuildFile; fileRef = 168E05E228F89F9A004267C4 /* OpenGL.framework */; };
		16D6ABDE28F96EC400CD6E3F /* twotriangles.cpp in Sources */ = {isa = PBXBuildFile; fileRef = 16CAE47728F8B322000BBB66 /* twotriangles.cpp */; };
		16D6ABDF28F96ECD00CD6E3F /* shader.cpp in Sources */ = {isa = PBXBuildFile; fileRef = 16CAE47D28F8B3CF000BBB66 /* shader.cpp */; };
/* End PBXBuildFile section */

/* Begin PBXCopyFilesBuildPhase section */
		168E05D528F89F86004267C4 /* CopyFiles */ = {
			isa = PBXCopyFilesBuildPhase;
			buildActionMask = 2147483647;
			dstPath = /usr/share/man/man1/;
			dstSubfolderSpec = 0;
			files = (
			);
			runOnlyForDeploymentPostprocessing = 1;
		};
		16D6ABD728F96C7400CD6E3F /* CopyFiles */ = {
			isa = PBXCopyFilesBuildPhase;
			buildActionMask = 2147483647;
			dstPath = /usr/share/man/man1/;
			dstSubfolderSpec = 0;
			files = (
			);
			runOnlyForDeploymentPostprocessing = 1;
		};
/* End PBXCopyFilesBuildPhase section */

/* Begin PBXFileReference section */
		168E05D728F89F86004267C4 /* opengl_cg */ = {isa = PBXFileReference; explicitFileType = "compiled.mach-o.executable"; includeInIndex = 0; path = opengl_cg; sourceTree = BUILT_PRODUCTS_DIR; };
		168E05E228F89F9A004267C4 /* OpenGL.framework */ = {isa = PBXFileReference; lastKnownFileType = wrapper.framework; name = OpenGL.framework; path = System/Library/Frameworks/OpenGL.framework; sourceTree = SDKROOT; };
		168E05E428F89FA4004267C4 /* libglfw.3.3.dylib */ = {isa = PBXFileReference; lastKnownFileType = "compiled.mach-o.dylib"; name = libglfw.3.3.dylib; path = ../../../../../../../../opt/homebrew/Cellar/glfw/3.3.7/lib/libglfw.3.3.dylib; sourceTree = "<group>"; };
		168E05E628F89FAF004267C4 /* libGLEW.2.2.0.dylib */ = {isa = PBXFileReference; lastKnownFileType = "compiled.mach-o.dylib"; name = libGLEW.2.2.0.dylib; path = ../../../../../../../../opt/homebrew/Cellar/glew/2.2.0_1/lib/libGLEW.2.2.0.dylib; sourceTree = "<group>"; };
		168E05E928F89FE6004267C4 /* singlewindow.cpp */ = {isa = PBXFileReference; lastKnownFileType = sourcecode.cpp.cpp; path = singlewindow.cpp; sourceTree = "<group>"; };
		168E05EC28F89FFF004267C4 /* singletriangle.cpp */ = {isa = PBXFileReference; lastKnownFileType = sourcecode.cpp.cpp; path = singletriangle.cpp; sourceTree = "<group>"; };
		16CAE47728F8B322000BBB66 /* twotriangles.cpp */ = {isa = PBXFileReference; lastKnownFileType = sourcecode.cpp.cpp; path = twotriangles.cpp; sourceTree = "<group>"; };
		16CAE47B28F8B3B8000BBB66 /* SimpleVertexShader.vertexshader */ = {isa = PBXFileReference; fileEncoding = 4; lastKnownFileType = text; path = SimpleVertexShader.vertexshader; sourceTree = "<group>"; };
		16CAE47C28F8B3B8000BBB66 /* SimpleFragmentShader.fragmentshader */ = {isa = PBXFileReference; fileEncoding = 4; lastKnownFileType = text; path = SimpleFragmentShader.fragmentshader; sourceTree = "<group>"; };
		16CAE47D28F8B3CF000BBB66 /* shader.cpp */ = {isa = PBXFileReference; fileEncoding = 4; lastKnownFileType = sourcecode.cpp.cpp; path = shader.cpp; sourceTree = "<group>"; };
		16CAE47E28F8B3CF000BBB66 /* shader.hpp */ = {isa = PBXFileReference; fileEncoding = 4; lastKnownFileType = sourcecode.cpp.h; path = shader.hpp; sourceTree = "<group>"; };
		16D6ABDB28F96C7400CD6E3F /* teste_target */ = {isa = PBXFileReference; explicitFileType = "compiled.mach-o.executable"; includeInIndex = 0; path = teste_target; sourceTree = BUILT_PRODUCTS_DIR; };
/* End PBXFileReference section */

/* Begin PBXFrameworksBuildPhase section */
		168E05D428F89F86004267C4 /* Frameworks */ = {
			isa = PBXFrameworksBuildPhase;
			buildActionMask = 2147483647;
			files = (
				168E05E728F89FAF004267C4 /* libGLEW.2.2.0.dylib in Frameworks */,
				168E05E528F89FA4004267C4 /* libglfw.3.3.dylib in Frameworks */,
				168E05E328F89F9A004267C4 /* OpenGL.framework in Frameworks */,
			);
			runOnlyForDeploymentPostprocessing = 0;
		};
		16D6ABD328F96C7400CD6E3F /* Frameworks */ = {
			isa = PBXFrameworksBuildPhase;
			buildActionMask = 2147483647;
			files = (
				16D6ABD428F96C7400CD6E3F /* libGLEW.2.2.0.dylib in Frameworks */,
				16D6ABD528F96C7400CD6E3F /* libglfw.3.3.dylib in Frameworks */,
				16D6ABD628F96C7400CD6E3F /* OpenGL.framework in Frameworks */,
			);
			runOnlyForDeploymentPostprocessing = 0;
		};
/* End PBXFrameworksBuildPhase section */

/* Begin PBXGroup section */
		168E05CE28F89F86004267C4 = {
			isa = PBXGroup;
			children = (
				16CAE47628F8B303000BBB66 /* twotriangles */,
				168E05E828F89FCF004267C4 /* singlewindow */,
				168E05EB28F89FED004267C4 /* singletriangle */,
				16CAE47928F8B346000BBB66 /* shaders */,
				168E05D828F89F86004267C4 /* Products */,
				168E05E128F89F9A004267C4 /* Frameworks */,
			);
			sourceTree = "<group>";
		};
		168E05D828F89F86004267C4 /* Products */ = {
			isa = PBXGroup;
			children = (
				168E05D728F89F86004267C4 /* opengl_cg */,
				16D6ABDB28F96C7400CD6E3F /* teste_target */,
			);
			name = Products;
			sourceTree = "<group>";
		};
		168E05E128F89F9A004267C4 /* Frameworks */ = {
			isa = PBXGroup;
			children = (
				168E05E628F89FAF004267C4 /* libGLEW.2.2.0.dylib */,
				168E05E428F89FA4004267C4 /* libglfw.3.3.dylib */,
				168E05E228F89F9A004267C4 /* OpenGL.framework */,
			);
			name = Frameworks;
			sourceTree = "<group>";
		};
		168E05E828F89FCF004267C4 /* singlewindow */ = {
			isa = PBXGroup;
			children = (
				168E05E928F89FE6004267C4 /* singlewindow.cpp */,
			);
			path = singlewindow;
			sourceTree = "<group>";
		};
		168E05EB28F89FED004267C4 /* singletriangle */ = {
			isa = PBXGroup;
			children = (
				168E05EC28F89FFF004267C4 /* singletriangle.cpp */,
			);
			path = singletriangle;
			sourceTree = "<group>";
		};
		16CAE47628F8B303000BBB66 /* twotriangles */ = {
			isa = PBXGroup;
			children = (
				16CAE47A28F8B378000BBB66 /* common */,
				16CAE47728F8B322000BBB66 /* twotriangles.cpp */,
			);
			path = twotriangles;
			sourceTree = "<group>";
		};
		16CAE47928F8B346000BBB66 /* shaders */ = {
			isa = PBXGroup;
			children = (
				16CAE47C28F8B3B8000BBB66 /* SimpleFragmentShader.fragmentshader */,
				16CAE47B28F8B3B8000BBB66 /* SimpleVertexShader.vertexshader */,
			);
			path = shaders;
			sourceTree = "<group>";
		};
		16CAE47A28F8B378000BBB66 /* common */ = {
			isa = PBXGroup;
			children = (
				16CAE47D28F8B3CF000BBB66 /* shader.cpp */,
				16CAE47E28F8B3CF000BBB66 /* shader.hpp */,
			);
			path = common;
			sourceTree = "<group>";
		};
/* End PBXGroup section */

/* Begin PBXNativeTarget section */
		168E05D628F89F86004267C4 /* opengl_cg */ = {
			isa = PBXNativeTarget;
			buildConfigurationList = 168E05DE28F89F86004267C4 /* Build configuration list for PBXNativeTarget "opengl_cg" */;
			buildPhases = (
				168E05D328F89F86004267C4 /* Sources */,
				168E05D428F89F86004267C4 /* Frameworks */,
				168E05D528F89F86004267C4 /* CopyFiles */,
			);
			buildRules = (
			);
			dependencies = (
			);
			name = opengl_cg;
			productName = opengl_cg;
			productReference = 168E05D728F89F86004267C4 /* opengl_cg */;
			productType = "com.apple.product-type.tool";
		};
		16D6ABCD28F96C7400CD6E3F /* teste_target */ = {
			isa = PBXNativeTarget;
			buildConfigurationList = 16D6ABD828F96C7400CD6E3F /* Build configuration list for PBXNativeTarget "teste_target" */;
			buildPhases = (
				16D6ABCE28F96C7400CD6E3F /* Sources */,
				16D6ABD328F96C7400CD6E3F /* Frameworks */,
				16D6ABD728F96C7400CD6E3F /* CopyFiles */,
			);
			buildRules = (
			);
			dependencies = (
			);
			name = teste_target;
			productName = opengl_cg;
			productReference = 16D6ABDB28F96C7400CD6E3F /* teste_target */;
			productType = "com.apple.product-type.tool";
		};
/* End PBXNativeTarget section */

/* Begin PBXProject section */
		168E05CF28F89F86004267C4 /* Project object */ = {
			isa = PBXProject;
			attributes = {
				BuildIndependentTargetsInParallel = 1;
				LastUpgradeCheck = 1400;
				TargetAttributes = {
					168E05D628F89F86004267C4 = {
						CreatedOnToolsVersion = 14.0.1;
					};
				};
			};
			buildConfigurationList = 168E05D228F89F86004267C4 /* Build configuration list for PBXProject "opengl_cg" */;
			compatibilityVersion = "Xcode 14.0";
			developmentRegion = en;
			hasScannedForEncodings = 0;
			knownRegions = (
				en,
				Base,
			);
			mainGroup = 168E05CE28F89F86004267C4;
			productRefGroup = 168E05D828F89F86004267C4 /* Products */;
			projectDirPath = "";
			projectRoot = "";
			targets = (
				168E05D628F89F86004267C4 /* opengl_cg */,
				16D6ABCD28F96C7400CD6E3F /* teste_target */,
			);
		};
/* End PBXProject section */

/* Begin PBXSourcesBuildPhase section */
		168E05D328F89F86004267C4 /* Sources */ = {
			isa = PBXSourcesBuildPhase;
			buildActionMask = 2147483647;
			files = (
				16CAE47828F8B322000BBB66 /* twotriangles.cpp in Sources */,
				168E05EA28F89FE6004267C4 /* singlewindow.cpp in Sources */,
				16CAE47F28F8B3CF000BBB66 /* shader.cpp in Sources */,
				168E05ED28F89FFF004267C4 /* singletriangle.cpp in Sources */,
			);
			runOnlyForDeploymentPostprocessing = 0;
		};
		16D6ABCE28F96C7400CD6E3F /* Sources */ = {
			isa = PBXSourcesBuildPhase;
			buildActionMask = 2147483647;
			files = (
				16D6ABDF28F96ECD00CD6E3F /* shader.cpp in Sources */,
				16D6ABDE28F96EC400CD6E3F /* twotriangles.cpp in Sources */,
			);
			runOnlyForDeploymentPostprocessing = 0;
		};
/* End PBXSourcesBuildPhase section */

/* Begin XCBuildConfiguration section */
		168E05DC28F89F86004267C4 /* Debug */ = {
			isa = XCBuildConfiguration;
			buildSettings = {
				ALWAYS_SEARCH_USER_PATHS = NO;
				CLANG_ANALYZER_NONNULL = YES;
				CLANG_ANALYZER_NUMBER_OBJECT_CONVERSION = YES_AGGRESSIVE;
				CLANG_CXX_LANGUAGE_STANDARD = "gnu++20";
				CLANG_ENABLE_MODULES = YES;
				CLANG_ENABLE_OBJC_ARC = YES;
				CLANG_ENABLE_OBJC_WEAK = YES;
				CLANG_WARN_BLOCK_CAPTURE_AUTORELEASING = YES;
				CLANG_WARN_BOOL_CONVERSION = YES;
				CLANG_WARN_COMMA = YES;
				CLANG_WARN_CONSTANT_CONVERSION = YES;
				CLANG_WARN_DEPRECATED_OBJC_IMPLEMENTATIONS = YES;
				CLANG_WARN_DIRECT_OBJC_ISA_USAGE = YES_ERROR;
				CLANG_WARN_DOCUMENTATION_COMMENTS = YES;
				CLANG_WARN_EMPTY_BODY = YES;
				CLANG_WARN_ENUM_CONVERSION = YES;
				CLANG_WARN_INFINITE_RECURSION = YES;
				CLANG_WARN_INT_CONVERSION = YES;
				CLANG_WARN_NON_LITERAL_NULL_CONVERSION = YES;
				CLANG_WARN_OBJC_IMPLICIT_RETAIN_SELF = YES;
				CLANG_WARN_OBJC_LITERAL_CONVERSION = YES;
				CLANG_WARN_OBJC_ROOT_CLASS = YES_ERROR;
				CLANG_WARN_QUOTED_INCLUDE_IN_FRAMEWORK_HEADER = YES;
				CLANG_WARN_RANGE_LOOP_ANALYSIS = YES;
				CLANG_WARN_STRICT_PROTOTYPES = YES;
				CLANG_WARN_SUSPICIOUS_MOVE = YES;
				CLANG_WARN_UNGUARDED_AVAILABILITY = YES_AGGRESSIVE;
				CLANG_WARN_UNREACHABLE_CODE = YES;
				CLANG_WARN__DUPLICATE_METHOD_MATCH = YES;
				COPY_PHASE_STRIP = NO;
				DEBUG_INFORMATION_FORMAT = dwarf;
				ENABLE_STRICT_OBJC_MSGSEND = YES;
				ENABLE_TESTABILITY = YES;
				GCC_C_LANGUAGE_STANDARD = gnu11;
				GCC_DYNAMIC_NO_PIC = NO;
				GCC_NO_COMMON_BLOCKS = YES;
				GCC_OPTIMIZATION_LEVEL = 0;
				GCC_PREPROCESSOR_DEFINITIONS = (
					"DEBUG=1",
					"$(inherited)",
				);
				GCC_WARN_64_TO_32_BIT_CONVERSION = YES;
				GCC_WARN_ABOUT_RETURN_TYPE = YES_ERROR;
				GCC_WARN_UNDECLARED_SELECTOR = YES;
				GCC_WARN_UNINITIALIZED_AUTOS = YES_AGGRESSIVE;
				GCC_WARN_UNUSED_FUNCTION = YES;
				GCC_WARN_UNUSED_VARIABLE = YES;
				MACOSX_DEPLOYMENT_TARGET = 12.3;
				MTL_ENABLE_DEBUG_INFO = INCLUDE_SOURCE;
				MTL_FAST_MATH = YES;
				ONLY_ACTIVE_ARCH = YES;
				SDKROOT = macosx;
			};
			name = Debug;
		};
		168E05DD28F89F86004267C4 /* Release */ = {
			isa = XCBuildConfiguration;
			buildSettings = {
				ALWAYS_SEARCH_USER_PATHS = NO;
				CLANG_ANALYZER_NONNULL = YES;
				CLANG_ANALYZER_NUMBER_OBJECT_CONVERSION = YES_AGGRESSIVE;
				CLANG_CXX_LANGUAGE_STANDARD = "gnu++20";
				CLANG_ENABLE_MODULES = YES;
				CLANG_ENABLE_OBJC_ARC = YES;
				CLANG_ENABLE_OBJC_WEAK = YES;
				CLANG_WARN_BLOCK_CAPTURE_AUTORELEASING = YES;
				CLANG_WARN_BOOL_CONVERSION = YES;
				CLANG_WARN_COMMA = YES;
				CLANG_WARN_CONSTANT_CONVERSION = YES;
				CLANG_WARN_DEPRECATED_OBJC_IMPLEMENTATIONS = YES;
				CLANG_WARN_DIRECT_OBJC_ISA_USAGE = YES_ERROR;
				CLANG_WARN_DOCUMENTATION_COMMENTS = YES;
				CLANG_WARN_EMPTY_BODY = YES;
				CLANG_WARN_ENUM_CONVERSION = YES;
				CLANG_WARN_INFINITE_RECURSION = YES;
				CLANG_WARN_INT_CONVERSION = YES;
				CLANG_WARN_NON_LITERAL_NULL_CONVERSION = YES;
				CLANG_WARN_OBJC_IMPLICIT_RETAIN_SELF = YES;
				CLANG_WARN_OBJC_LITERAL_CONVERSION = YES;
				CLANG_WARN_OBJC_ROOT_CLASS = YES_ERROR;
				CLANG_WARN_QUOTED_INCLUDE_IN_FRAMEWORK_HEADER = YES;
				CLANG_WARN_RANGE_LOOP_ANALYSIS = YES;
				CLANG_WARN_STRICT_PROTOTYPES = YES;
				CLANG_WARN_SUSPICIOUS_MOVE = YES;
				CLANG_WARN_UNGUARDED_AVAILABILITY = YES_AGGRESSIVE;
				CLANG_WARN_UNREACHABLE_CODE = YES;
				CLANG_WARN__DUPLICATE_METHOD_MATCH = YES;
				COPY_PHASE_STRIP = NO;
				DEBUG_INFORMATION_FORMAT = "dwarf-with-dsym";
				ENABLE_NS_ASSERTIONS = NO;
				ENABLE_STRICT_OBJC_MSGSEND = YES;
				GCC_C_LANGUAGE_STANDARD = gnu11;
				GCC_NO_COMMON_BLOCKS = YES;
				GCC_WARN_64_TO_32_BIT_CONVERSION = YES;
				GCC_WARN_ABOUT_RETURN_TYPE = YES_ERROR;
				GCC_WARN_UNDECLARED_SELECTOR = YES;
				GCC_WARN_UNINITIALIZED_AUTOS = YES_AGGRESSIVE;
				GCC_WARN_UNUSED_FUNCTION = YES;
				GCC_WARN_UNUSED_VARIABLE = YES;
				MACOSX_DEPLOYMENT_TARGET = 12.3;
				MTL_ENABLE_DEBUG_INFO = NO;
				MTL_FAST_MATH = YES;
				SDKROOT = macosx;
			};
			name = Release;
		};
		168E05DF28F89F86004267C4 /* Debug */ = {
			isa = XCBuildConfiguration;
			buildSettings = {
				CODE_SIGN_STYLE = Automatic;
				HEADER_SEARCH_PATHS = /opt/homebrew/include;
				LIBRARY_SEARCH_PATHS = (
					"$(inherited)",
					/opt/homebrew/Cellar/glfw/3.3.7/lib,
					/opt/homebrew/Cellar/glew/2.2.0_1/lib,
				);
				PRODUCT_NAME = "$(TARGET_NAME)";
			};
			name = Debug;
		};
		168E05E028F89F86004267C4 /* Release */ = {
			isa = XCBuildConfiguration;
			buildSettings = {
				CODE_SIGN_STYLE = Automatic;
				HEADER_SEARCH_PATHS = /opt/homebrew/include;
				LIBRARY_SEARCH_PATHS = (
					"$(inherited)",
					/opt/homebrew/Cellar/glfw/3.3.7/lib,
					/opt/homebrew/Cellar/glew/2.2.0_1/lib,
				);
				PRODUCT_NAME = "$(TARGET_NAME)";
			};
			name = Release;
		};
		16D6ABD928F96C7400CD6E3F /* Debug */ = {
			isa = XCBuildConfiguration;
			buildSettings = {
				CODE_SIGN_STYLE = Automatic;
				HEADER_SEARCH_PATHS = /opt/homebrew/include;
				LIBRARY_SEARCH_PATHS = (
					"$(inherited)",
					/opt/homebrew/Cellar/glfw/3.3.7/lib,
					/opt/homebrew/Cellar/glew/2.2.0_1/lib,
				);
				PRODUCT_NAME = "$(TARGET_NAME)";
			};
			name = Debug;
		};
		16D6ABDA28F96C7400CD6E3F /* Release */ = {
			isa = XCBuildConfiguration;
			buildSettings = {
				CODE_SIGN_STYLE = Automatic;
				HEADER_SEARCH_PATHS = /opt/homebrew/include;
				LIBRARY_SEARCH_PATHS = (
					"$(inherited)",
					/opt/homebrew/Cellar/glfw/3.3.7/lib,
					/opt/homebrew/Cellar/glew/2.2.0_1/lib,
				);
				PRODUCT_NAME = "$(TARGET_NAME)";
			};
			name = Release;
		};
/* End XCBuildConfiguration section */

/* Begin XCConfigurationList section */
		168E05D228F89F86004267C4 /* Build configuration list for PBXProject "opengl_cg" */ = {
			isa = XCConfigurationList;
			buildConfigurations = (
				168E05DC28F89F86004267C4 /* Debug */,
				168E05DD28F89F86004267C4 /* Release */,
			);
			defaultConfigurationIsVisible = 0;
			defaultConfigurationName = Release;
		};
		168E05DE28F89F86004267C4 /* Build configuration list for PBXNativeTarget "opengl_cg" */ = {
			isa = XCConfigurationList;
			buildConfigurations = (
				168E05DF28F89F86004267C4 /* Debug */,
				168E05E028F89F86004267C4 /* Release */,
			);
			defaultConfigurationIsVisible = 0;
			defaultConfigurationName = Release;
		};
		16D6ABD828F96C7400CD6E3F /* Build configuration list for PBXNativeTarget "teste_target" */ = {
			isa = XCConfigurationList;
			buildConfigurations = (
				16D6ABD928F96C7400CD6E3F /* Debug */,
				16D6ABDA28F96C7400CD6E3F /* Release */,
			);
			defaultConfigurationIsVisible = 0;
			defaultConfigurationName = Release;
		};
/* End XCConfigurationList section */
	};
	rootObject = 168E05CF28F89F86004267C4 /* Project object */;
}
